// !$*UTF8*$!
{
	archiveVersion = 1;
	classes = {
	};
	objectVersion = 55;
	objects = {

/* Begin PBXBuildFile section */
		94A6A525297AEB840020046E /* AppDelegate.swift in Sources */ = {isa = PBXBuildFile; fileRef = 94A6A524297AEB840020046E /* AppDelegate.swift */; };
		94A6A527297AEB840020046E /* SceneDelegate.swift in Sources */ = {isa = PBXBuildFile; fileRef = 94A6A526297AEB840020046E /* SceneDelegate.swift */; };
		94A6A529297AEB840020046E /* ViewController.swift in Sources */ = {isa = PBXBuildFile; fileRef = 94A6A528297AEB840020046E /* ViewController.swift */; };
		94A6A52C297AEB840020046E /* Main.storyboard in Resources */ = {isa = PBXBuildFile; fileRef = 94A6A52A297AEB840020046E /* Main.storyboard */; };
		94A6A52E297AEB860020046E /* Assets.xcassets in Resources */ = {isa = PBXBuildFile; fileRef = 94A6A52D297AEB860020046E /* Assets.xcassets */; };
		94A6A531297AEB860020046E /* LaunchScreen.storyboard in Resources */ = {isa = PBXBuildFile; fileRef = 94A6A52F297AEB860020046E /* LaunchScreen.storyboard */; };
		94A6A53C297AEB860020046E /* QRCodeTests.swift in Sources */ = {isa = PBXBuildFile; fileRef = 94A6A53B297AEB860020046E /* QRCodeTests.swift */; };
		94A6A546297AEB860020046E /* QRCodeUITests.swift in Sources */ = {isa = PBXBuildFile; fileRef = 94A6A545297AEB860020046E /* QRCodeUITests.swift */; };
		94A6A548297AEB860020046E /* QRCodeUITestsLaunchTests.swift in Sources */ = {isa = PBXBuildFile; fileRef = 94A6A547297AEB860020046E /* QRCodeUITestsLaunchTests.swift */; };
/* End PBXBuildFile section */

/* Begin PBXContainerItemProxy section */
		94A6A538297AEB860020046E /* PBXContainerItemProxy */ = {
			isa = PBXContainerItemProxy;
			containerPortal = 94A6A519297AEB840020046E /* Project object */;
			proxyType = 1;
			remoteGlobalIDString = 94A6A520297AEB840020046E;
			remoteInfo = QRCode;
		};
		94A6A542297AEB860020046E /* PBXContainerItemProxy */ = {
			isa = PBXContainerItemProxy;
			containerPortal = 94A6A519297AEB840020046E /* Project object */;
			proxyType = 1;
			remoteGlobalIDString = 94A6A520297AEB840020046E;
			remoteInfo = QRCode;
		};
/* End PBXContainerItemProxy section */

/* Begin PBXFileReference section */
		94A6A521297AEB840020046E /* QRCode.app */ = {isa = PBXFileReference; explicitFileType = wrapper.application; includeInIndex = 0; path = QRCode.app; sourceTree = BUILT_PRODUCTS_DIR; };
		94A6A524297AEB840020046E /* AppDelegate.swift */ = {isa = PBXFileReference; lastKnownFileType = sourcecode.swift; path = AppDelegate.swift; sourceTree = "<group>"; };
		94A6A526297AEB840020046E /* SceneDelegate.swift */ = {isa = PBXFileReference; lastKnownFileType = sourcecode.swift; path = SceneDelegate.swift; sourceTree = "<group>"; };
		94A6A528297AEB840020046E /* ViewController.swift */ = {isa = PBXFileReference; lastKnownFileType = sourcecode.swift; path = ViewController.swift; sourceTree = "<group>"; };
		94A6A52B297AEB840020046E /* Base */ = {isa = PBXFileReference; lastKnownFileType = file.storyboard; name = Base; path = Base.lproj/Main.storyboard; sourceTree = "<group>"; };
		94A6A52D297AEB860020046E /* Assets.xcassets */ = {isa = PBXFileReference; lastKnownFileType = folder.assetcatalog; path = Assets.xcassets; sourceTree = "<group>"; };
		94A6A530297AEB860020046E /* Base */ = {isa = PBXFileReference; lastKnownFileType = file.storyboard; name = Base; path = Base.lproj/LaunchScreen.storyboard; sourceTree = "<group>"; };
		94A6A532297AEB860020046E /* Info.plist */ = {isa = PBXFileReference; lastKnownFileType = text.plist.xml; path = Info.plist; sourceTree = "<group>"; };
		94A6A537297AEB860020046E /* QRCodeTests.xctest */ = {isa = PBXFileReference; explicitFileType = wrapper.cfbundle; includeInIndex = 0; path = QRCodeTests.xctest; sourceTree = BUILT_PRODUCTS_DIR; };
		94A6A53B297AEB860020046E /* QRCodeTests.swift */ = {isa = PBXFileReference; lastKnownFileType = sourcecode.swift; path = QRCodeTests.swift; sourceTree = "<group>"; };
		94A6A541297AEB860020046E /* QRCodeUITests.xctest */ = {isa = PBXFileReference; explicitFileType = wrapper.cfbundle; includeInIndex = 0; path = QRCodeUITests.xctest; sourceTree = BUILT_PRODUCTS_DIR; };
		94A6A545297AEB860020046E /* QRCodeUITests.swift */ = {isa = PBXFileReference; lastKnownFileType = sourcecode.swift; path = QRCodeUITests.swift; sourceTree = "<group>"; };
		94A6A547297AEB860020046E /* QRCodeUITestsLaunchTests.swift */ = {isa = PBXFileReference; lastKnownFileType = sourcecode.swift; path = QRCodeUITestsLaunchTests.swift; sourceTree = "<group>"; };
/* End PBXFileReference section */

/* Begin PBXFrameworksBuildPhase section */
		94A6A51E297AEB840020046E /* Frameworks */ = {
			isa = PBXFrameworksBuildPhase;
			buildActionMask = 2147483647;
			files = (
			);
			runOnlyForDeploymentPostprocessing = 0;
		};
		94A6A534297AEB860020046E /* Frameworks */ = {
			isa = PBXFrameworksBuildPhase;
			buildActionMask = 2147483647;
			files = (
			);
			runOnlyForDeploymentPostprocessing = 0;
		};
		94A6A53E297AEB860020046E /* Frameworks */ = {
			isa = PBXFrameworksBuildPhase;
			buildActionMask = 2147483647;
			files = (
			);
			runOnlyForDeploymentPostprocessing = 0;
		};
/* End PBXFrameworksBuildPhase section */

/* Begin PBXGroup section */
		94A6A518297AEB840020046E = {
			isa = PBXGroup;
			children = (
				94A6A523297AEB840020046E /* QRCode */,
				94A6A53A297AEB860020046E /* QRCodeTests */,
				94A6A544297AEB860020046E /* QRCodeUITests */,
				94A6A522297AEB840020046E /* Products */,
			);
			sourceTree = "<group>";
		};
		94A6A522297AEB840020046E /* Products */ = {
			isa = PBXGroup;
			children = (
				94A6A521297AEB840020046E /* QRCode.app */,
				94A6A537297AEB860020046E /* QRCodeTests.xctest */,
				94A6A541297AEB860020046E /* QRCodeUITests.xctest */,
			);
			name = Products;
			sourceTree = "<group>";
		};
		94A6A523297AEB840020046E /* QRCode */ = {
			isa = PBXGroup;
			children = (
				94A6A524297AEB840020046E /* AppDelegate.swift */,
				94A6A526297AEB840020046E /* SceneDelegate.swift */,
				94A6A528297AEB840020046E /* ViewController.swift */,
				94A6A52A297AEB840020046E /* Main.storyboard */,
				94A6A52D297AEB860020046E /* Assets.xcassets */,
				94A6A52F297AEB860020046E /* LaunchScreen.storyboard */,
				94A6A532297AEB860020046E /* Info.plist */,
			);
			path = QRCode;
			sourceTree = "<group>";
		};
		94A6A53A297AEB860020046E /* QRCodeTests */ = {
			isa = PBXGroup;
			children = (
				94A6A53B297AEB860020046E /* QRCodeTests.swift */,
			);
			path = QRCodeTests;
			sourceTree = "<group>";
		};
		94A6A544297AEB860020046E /* QRCodeUITests */ = {
			isa = PBXGroup;
			children = (
				94A6A545297AEB860020046E /* QRCodeUITests.swift */,
				94A6A547297AEB860020046E /* QRCodeUITestsLaunchTests.swift */,
			);
			path = QRCodeUITests;
			sourceTree = "<group>";
		};
/* End PBXGroup section */

/* Begin PBXNativeTarget section */
		94A6A520297AEB840020046E /* QRCode */ = {
			isa = PBXNativeTarget;
			buildConfigurationList = 94A6A54B297AEB860020046E /* Build configuration list for PBXNativeTarget "QRCode" */;
			buildPhases = (
				94A6A51D297AEB840020046E /* Sources */,
				94A6A51E297AEB840020046E /* Frameworks */,
				94A6A51F297AEB840020046E /* Resources */,
			);
			buildRules = (
			);
			dependencies = (
			);
			name = QRCode;
			productName = QRCode;
			productReference = 94A6A521297AEB840020046E /* QRCode.app */;
			productType = "com.apple.product-type.application";
		};
		94A6A536297AEB860020046E /* QRCodeTests */ = {
			isa = PBXNativeTarget;
			buildConfigurationList = 94A6A54E297AEB860020046E /* Build configuration list for PBXNativeTarget "QRCodeTests" */;
			buildPhases = (
				94A6A533297AEB860020046E /* Sources */,
				94A6A534297AEB860020046E /* Frameworks */,
				94A6A535297AEB860020046E /* Resources */,
			);
			buildRules = (
			);
			dependencies = (
				94A6A539297AEB860020046E /* PBXTargetDependency */,
			);
			name = QRCodeTests;
			productName = QRCodeTests;
			productReference = 94A6A537297AEB860020046E /* QRCodeTests.xctest */;
			productType = "com.apple.product-type.bundle.unit-test";
		};
		94A6A540297AEB860020046E /* QRCodeUITests */ = {
			isa = PBXNativeTarget;
			buildConfigurationList = 94A6A551297AEB860020046E /* Build configuration list for PBXNativeTarget "QRCodeUITests" */;
			buildPhases = (
				94A6A53D297AEB860020046E /* Sources */,
				94A6A53E297AEB860020046E /* Frameworks */,
				94A6A53F297AEB860020046E /* Resources */,
			);
			buildRules = (
			);
			dependencies = (
				94A6A543297AEB860020046E /* PBXTargetDependency */,
			);
			name = QRCodeUITests;
			productName = QRCodeUITests;
			productReference = 94A6A541297AEB860020046E /* QRCodeUITests.xctest */;
			productType = "com.apple.product-type.bundle.ui-testing";
		};
/* End PBXNativeTarget section */

/* Begin PBXProject section */
		94A6A519297AEB840020046E /* Project object */ = {
			isa = PBXProject;
			attributes = {
				BuildIndependentTargetsInParallel = 1;
				LastSwiftUpdateCheck = 1330;
				LastUpgradeCheck = 1330;
				TargetAttributes = {
					94A6A520297AEB840020046E = {
						CreatedOnToolsVersion = 13.3.1;
					};
					94A6A536297AEB860020046E = {
						CreatedOnToolsVersion = 13.3.1;
						TestTargetID = 94A6A520297AEB840020046E;
					};
					94A6A540297AEB860020046E = {
						CreatedOnToolsVersion = 13.3.1;
						TestTargetID = 94A6A520297AEB840020046E;
					};
				};
			};
			buildConfigurationList = 94A6A51C297AEB840020046E /* Build configuration list for PBXProject "QRCode" */;
			compatibilityVersion = "Xcode 13.0";
			developmentRegion = en;
			hasScannedForEncodings = 0;
			knownRegions = (
				en,
				Base,
			);
			mainGroup = 94A6A518297AEB840020046E;
			productRefGroup = 94A6A522297AEB840020046E /* Products */;
			projectDirPath = "";
			projectRoot = "";
			targets = (
				94A6A520297AEB840020046E /* QRCode */,
				94A6A536297AEB860020046E /* QRCodeTests */,
				94A6A540297AEB860020046E /* QRCodeUITests */,
			);
		};
/* End PBXProject section */

/* Begin PBXResourcesBuildPhase section */
		94A6A51F297AEB840020046E /* Resources */ = {
			isa = PBXResourcesBuildPhase;
			buildActionMask = 2147483647;
			files = (
				94A6A531297AEB860020046E /* LaunchScreen.storyboard in Resources */,
				94A6A52E297AEB860020046E /* Assets.xcassets in Resources */,
				94A6A52C297AEB840020046E /* Main.storyboard in Resources */,
			);
			runOnlyForDeploymentPostprocessing = 0;
		};
		94A6A535297AEB860020046E /* Resources */ = {
			isa = PBXResourcesBuildPhase;
			buildActionMask = 2147483647;
			files = (
			);
			runOnlyForDeploymentPostprocessing = 0;
		};
		94A6A53F297AEB860020046E /* Resources */ = {
			isa = PBXResourcesBuildPhase;
			buildActionMask = 2147483647;
			files = (
			);
			runOnlyForDeploymentPostprocessing = 0;
		};
/* End PBXResourcesBuildPhase section */

/* Begin PBXSourcesBuildPhase section */
		94A6A51D297AEB840020046E /* Sources */ = {
			isa = PBXSourcesBuildPhase;
			buildActionMask = 2147483647;
			files = (
				94A6A529297AEB840020046E /* ViewController.swift in Sources */,
				94A6A525297AEB840020046E /* AppDelegate.swift in Sources */,
				94A6A527297AEB840020046E /* SceneDelegate.swift in Sources */,
			);
			runOnlyForDeploymentPostprocessing = 0;
		};
		94A6A533297AEB860020046E /* Sources */ = {
			isa = PBXSourcesBuildPhase;
			buildActionMask = 2147483647;
			files = (
				94A6A53C297AEB860020046E /* QRCodeTests.swift in Sources */,
			);
			runOnlyForDeploymentPostprocessing = 0;
		};
		94A6A53D297AEB860020046E /* Sources */ = {
			isa = PBXSourcesBuildPhase;
			buildActionMask = 2147483647;
			files = (
				94A6A548297AEB860020046E /* QRCodeUITestsLaunchTests.swift in Sources */,
				94A6A546297AEB860020046E /* QRCodeUITests.swift in Sources */,
			);
			runOnlyForDeploymentPostprocessing = 0;
		};
/* End PBXSourcesBuildPhase section */

/* Begin PBXTargetDependency section */
		94A6A539297AEB860020046E /* PBXTargetDependency */ = {
			isa = PBXTargetDependency;
			target = 94A6A520297AEB840020046E /* QRCode */;
			targetProxy = 94A6A538297AEB860020046E /* PBXContainerItemProxy */;
		};
		94A6A543297AEB860020046E /* PBXTargetDependency */ = {
			isa = PBXTargetDependency;
			target = 94A6A520297AEB840020046E /* QRCode */;
			targetProxy = 94A6A542297AEB860020046E /* PBXContainerItemProxy */;
		};
/* End PBXTargetDependency section */

/* Begin PBXVariantGroup section */
		94A6A52A297AEB840020046E /* Main.storyboard */ = {
			isa = PBXVariantGroup;
			children = (
				94A6A52B297AEB840020046E /* Base */,
			);
			name = Main.storyboard;
			sourceTree = "<group>";
		};
		94A6A52F297AEB860020046E /* LaunchScreen.storyboard */ = {
			isa = PBXVariantGroup;
			children = (
				94A6A530297AEB860020046E /* Base */,
			);
			name = LaunchScreen.storyboard;
			sourceTree = "<group>";
		};
/* End PBXVariantGroup section */

/* Begin XCBuildConfiguration section */
		94A6A549297AEB860020046E /* Debug */ = {
			isa = XCBuildConfiguration;
			buildSettings = {
				ALWAYS_SEARCH_USER_PATHS = NO;
				CLANG_ANALYZER_NONNULL = YES;
				CLANG_ANALYZER_NUMBER_OBJECT_CONVERSION = YES_AGGRESSIVE;
				CLANG_CXX_LANGUAGE_STANDARD = "gnu++17";
				CLANG_ENABLE_MODULES = YES;
				CLANG_ENABLE_OBJC_ARC = YES;
				CLANG_ENABLE_OBJC_WEAK = YES;
				CLANG_WARN_BLOCK_CAPTURE_AUTORELEASING = YES;
				CLANG_WARN_BOOL_CONVERSION = YES;
				CLANG_WARN_COMMA = YES;
				CLANG_WARN_CONSTANT_CONVERSION = YES;
				CLANG_WARN_DEPRECATED_OBJC_IMPLEMENTATIONS = YES;
				CLANG_WARN_DIRECT_OBJC_ISA_USAGE = YES_ERROR;
				CLANG_WARN_DOCUMENTATION_COMMENTS = YES;
				CLANG_WARN_EMPTY_BODY = YES;
				CLANG_WARN_ENUM_CONVERSION = YES;
				CLANG_WARN_INFINITE_RECURSION = YES;
				CLANG_WARN_INT_CONVERSION = YES;
				CLANG_WARN_NON_LITERAL_NULL_CONVERSION = YES;
				CLANG_WARN_OBJC_IMPLICIT_RETAIN_SELF = YES;
				CLANG_WARN_OBJC_LITERAL_CONVERSION = YES;
				CLANG_WARN_OBJC_ROOT_CLASS = YES_ERROR;
				CLANG_WARN_QUOTED_INCLUDE_IN_FRAMEWORK_HEADER = YES;
				CLANG_WARN_RANGE_LOOP_ANALYSIS = YES;
				CLANG_WARN_STRICT_PROTOTYPES = YES;
				CLANG_WARN_SUSPICIOUS_MOVE = YES;
				CLANG_WARN_UNGUARDED_AVAILABILITY = YES_AGGRESSIVE;
				CLANG_WARN_UNREACHABLE_CODE = YES;
				CLANG_WARN__DUPLICATE_METHOD_MATCH = YES;
				COPY_PHASE_STRIP = NO;
				DEBUG_INFORMATION_FORMAT = dwarf;
				ENABLE_STRICT_OBJC_MSGSEND = YES;
				ENABLE_TESTABILITY = YES;
				GCC_C_LANGUAGE_STANDARD = gnu11;
				GCC_DYNAMIC_NO_PIC = NO;
				GCC_NO_COMMON_BLOCKS = YES;
				GCC_OPTIMIZATION_LEVEL = 0;
				GCC_PREPROCESSOR_DEFINITIONS = (
					"DEBUG=1",
					"$(inherited)",
				);
				GCC_WARN_64_TO_32_BIT_CONVERSION = YES;
				GCC_WARN_ABOUT_RETURN_TYPE = YES_ERROR;
				GCC_WARN_UNDECLARED_SELECTOR = YES;
				GCC_WARN_UNINITIALIZED_AUTOS = YES_AGGRESSIVE;
				GCC_WARN_UNUSED_FUNCTION = YES;
				GCC_WARN_UNUSED_VARIABLE = YES;
				IPHONEOS_DEPLOYMENT_TARGET = 15.4;
				MTL_ENABLE_DEBUG_INFO = INCLUDE_SOURCE;
				MTL_FAST_MATH = YES;
				ONLY_ACTIVE_ARCH = YES;
				SDKROOT = iphoneos;
				SWIFT_ACTIVE_COMPILATION_CONDITIONS = DEBUG;
				SWIFT_OPTIMIZATION_LEVEL = "-Onone";
			};
			name = Debug;
		};
		94A6A54A297AEB860020046E /* Release */ = {
			isa = XCBuildConfiguration;
			buildSettings = {
				ALWAYS_SEARCH_USER_PATHS = NO;
				CLANG_ANALYZER_NONNULL = YES;
				CLANG_ANALYZER_NUMBER_OBJECT_CONVERSION = YES_AGGRESSIVE;
				CLANG_CXX_LANGUAGE_STANDARD = "gnu++17";
				CLANG_ENABLE_MODULES = YES;
				CLANG_ENABLE_OBJC_ARC = YES;
				CLANG_ENABLE_OBJC_WEAK = YES;
				CLANG_WARN_BLOCK_CAPTURE_AUTORELEASING = YES;
				CLANG_WARN_BOOL_CONVERSION = YES;
				CLANG_WARN_COMMA = YES;
				CLANG_WARN_CONSTANT_CONVERSION = YES;
				CLANG_WARN_DEPRECATED_OBJC_IMPLEMENTATIONS = YES;
				CLANG_WARN_DIRECT_OBJC_ISA_USAGE = YES_ERROR;
				CLANG_WARN_DOCUMENTATION_COMMENTS = YES;
				CLANG_WARN_EMPTY_BODY = YES;
				CLANG_WARN_ENUM_CONVERSION = YES;
				CLANG_WARN_INFINITE_RECURSION = YES;
				CLANG_WARN_INT_CONVERSION = YES;
				CLANG_WARN_NON_LITERAL_NULL_CONVERSION = YES;
				CLANG_WARN_OBJC_IMPLICIT_RETAIN_SELF = YES;
				CLANG_WARN_OBJC_LITERAL_CONVERSION = YES;
				CLANG_WARN_OBJC_ROOT_CLASS = YES_ERROR;
				CLANG_WARN_QUOTED_INCLUDE_IN_FRAMEWORK_HEADER = YES;
				CLANG_WARN_RANGE_LOOP_ANALYSIS = YES;
				CLANG_WARN_STRICT_PROTOTYPES = YES;
				CLANG_WARN_SUSPICIOUS_MOVE = YES;
				CLANG_WARN_UNGUARDED_AVAILABILITY = YES_AGGRESSIVE;
				CLANG_WARN_UNREACHABLE_CODE = YES;
				CLANG_WARN__DUPLICATE_METHOD_MATCH = YES;
				COPY_PHASE_STRIP = NO;
				DEBUG_INFORMATION_FORMAT = "dwarf-with-dsym";
				ENABLE_NS_ASSERTIONS = NO;
				ENABLE_STRICT_OBJC_MSGSEND = YES;
				GCC_C_LANGUAGE_STANDARD = gnu11;
				GCC_NO_COMMON_BLOCKS = YES;
				GCC_WARN_64_TO_32_BIT_CONVERSION = YES;
				GCC_WARN_ABOUT_RETURN_TYPE = YES_ERROR;
				GCC_WARN_UNDECLARED_SELECTOR = YES;
				GCC_WARN_UNINITIALIZED_AUTOS = YES_AGGRESSIVE;
				GCC_WARN_UNUSED_FUNCTION = YES;
				GCC_WARN_UNUSED_VARIABLE = YES;
				IPHONEOS_DEPLOYMENT_TARGET = 15.4;
				MTL_ENABLE_DEBUG_INFO = NO;
				MTL_FAST_MATH = YES;
				SDKROOT = iphoneos;
				SWIFT_COMPILATION_MODE = wholemodule;
				SWIFT_OPTIMIZATION_LEVEL = "-O";
				VALIDATE_PRODUCT = YES;
			};
			name = Release;
		};
		94A6A54C297AEB860020046E /* Debug */ = {
			isa = XCBuildConfiguration;
			buildSettings = {
				ASSETCATALOG_COMPILER_APPICON_NAME = AppIcon;
				ASSETCATALOG_COMPILER_GLOBAL_ACCENT_COLOR_NAME = AccentColor;
				CODE_SIGN_STYLE = Automatic;
				CURRENT_PROJECT_VERSION = 1;
				DEVELOPMENT_TEAM = TZ5A5U924L;
				GENERATE_INFOPLIST_FILE = YES;
				INFOPLIST_FILE = QRCode/Info.plist;
				INFOPLIST_KEY_UIApplicationSupportsIndirectInputEvents = YES;
				INFOPLIST_KEY_UILaunchStoryboardName = LaunchScreen;
				INFOPLIST_KEY_UIMainStoryboardFile = Main;
				INFOPLIST_KEY_UISupportedInterfaceOrientations_iPad = "UIInterfaceOrientationPortrait UIInterfaceOrientationPortraitUpsideDown UIInterfaceOrientationLandscapeLeft UIInterfaceOrientationLandscapeRight";
				INFOPLIST_KEY_UISupportedInterfaceOrientations_iPhone = "UIInterfaceOrientationPortrait UIInterfaceOrientationLandscapeLeft UIInterfaceOrientationLandscapeRight";
				LD_RUNPATH_SEARCH_PATHS = (
					"$(inherited)",
					"@executable_path/Frameworks",
				);
				MARKETING_VERSION = 1.0;
				PRODUCT_BUNDLE_IDENTIFIER = com.Asady.QRCode;
				PRODUCT_NAME = "$(TARGET_NAME)";
				SWIFT_EMIT_LOC_STRINGS = YES;
				SWIFT_VERSION = 5.0;
				TARGETED_DEVICE_FAMILY = "1,2";
			};
			name = Debug;
		};
		94A6A54D297AEB860020046E /* Release */ = {
			isa = XCBuildConfiguration;
			buildSettings = {
				ASSETCATALOG_COMPILER_APPICON_NAME = AppIcon;
				ASSETCATALOG_COMPILER_GLOBAL_ACCENT_COLOR_NAME = AccentColor;
				CODE_SIGN_STYLE = Automatic;
				CURRENT_PROJECT_VERSION = 1;
				DEVELOPMENT_TEAM = TZ5A5U924L;
				GENERATE_INFOPLIST_FILE = YES;
				INFOPLIST_FILE = QRCode/Info.plist;
				INFOPLIST_KEY_UIApplicationSupportsIndirectInputEvents = YES;
				INFOPLIST_KEY_UILaunchStoryboardName = LaunchScreen;
				INFOPLIST_KEY_UIMainStoryboardFile = Main;
				INFOPLIST_KEY_UISupportedInterfaceOrientations_iPad = "UIInterfaceOrientationPortrait UIInterfaceOrientationPortraitUpsideDown UIInterfaceOrientationLandscapeLeft UIInterfaceOrientationLandscapeRight";
				INFOPLIST_KEY_UISupportedInterfaceOrientations_iPhone = "UIInterfaceOrientationPortrait UIInterfaceOrientationLandscapeLeft UIInterfaceOrientationLandscapeRight";
				LD_RUNPATH_SEARCH_PATHS = (
					"$(inherited)",
					"@executable_path/Frameworks",
				);
				MARKETING_VERSION = 1.0;
				PRODUCT_BUNDLE_IDENTIFIER = com.Asady.QRCode;
				PRODUCT_NAME = "$(TARGET_NAME)";
				SWIFT_EMIT_LOC_STRINGS = YES;
				SWIFT_VERSION = 5.0;
				TARGETED_DEVICE_FAMILY = "1,2";
			};
			name = Release;
		};
		94A6A54F297AEB860020046E /* Debug */ = {
			isa = XCBuildConfiguration;
			buildSettings = {
				ALWAYS_EMBED_SWIFT_STANDARD_LIBRARIES = YES;
				BUNDLE_LOADER = "$(TEST_HOST)";
				CODE_SIGN_STYLE = Automatic;
				CURRENT_PROJECT_VERSION = 1;
				DEVELOPMENT_TEAM = TZ5A5U924L;
				GENERATE_INFOPLIST_FILE = YES;
				IPHONEOS_DEPLOYMENT_TARGET = 15.4;
				MARKETING_VERSION = 1.0;
				PRODUCT_BUNDLE_IDENTIFIER = com.Asady.QRCodeTests;
				PRODUCT_NAME = "$(TARGET_NAME)";
				SWIFT_EMIT_LOC_STRINGS = NO;
				SWIFT_VERSION = 5.0;
				TARGETED_DEVICE_FAMILY = "1,2";
				TEST_HOST = "$(BUILT_PRODUCTS_DIR)/QRCode.app/QRCode";
			};
			name = Debug;
		};
		94A6A550297AEB860020046E /* Release */ = {
			isa = XCBuildConfiguration;
			buildSettings = {
				ALWAYS_EMBED_SWIFT_STANDARD_LIBRARIES = YES;
				BUNDLE_LOADER = "$(TEST_HOST)";
				CODE_SIGN_STYLE = Automatic;
				CURRENT_PROJECT_VERSION = 1;
				DEVELOPMENT_TEAM = TZ5A5U924L;
				GENERATE_INFOPLIST_FILE = YES;
				IPHONEOS_DEPLOYMENT_TARGET = 15.4;
				MARKETING_VERSION = 1.0;
				PRODUCT_BUNDLE_IDENTIFIER = com.Asady.QRCodeTests;
				PRODUCT_NAME = "$(TARGET_NAME)";
				SWIFT_EMIT_LOC_STRINGS = NO;
				SWIFT_VERSION = 5.0;
				TARGETED_DEVICE_FAMILY = "1,2";
				TEST_HOST = "$(BUILT_PRODUCTS_DIR)/QRCode.app/QRCode";
			};
			name = Release;
		};
		94A6A552297AEB860020046E /* Debug */ = {
			isa = XCBuildConfiguration;
			buildSettings = {
				ALWAYS_EMBED_SWIFT_STANDARD_LIBRARIES = YES;
				CODE_SIGN_STYLE = Automatic;
				CURRENT_PROJECT_VERSION = 1;
				DEVELOPMENT_TEAM = TZ5A5U924L;
				GENERATE_INFOPLIST_FILE = YES;
				MARKETING_VERSION = 1.0;
				PRODUCT_BUNDLE_IDENTIFIER = com.Asady.QRCodeUITests;
				PRODUCT_NAME = "$(TARGET_NAME)";
				SWIFT_EMIT_LOC_STRINGS = NO;
				SWIFT_VERSION = 5.0;
				TARGETED_DEVICE_FAMILY = "1,2";
				TEST_TARGET_NAME = QRCode;
			};
			name = Debug;
		};
		94A6A553297AEB860020046E /* Release */ = {
			isa = XCBuildConfiguration;
			buildSettings = {
				ALWAYS_EMBED_SWIFT_STANDARD_LIBRARIES = YES;
				CODE_SIGN_STYLE = Automatic;
				CURRENT_PROJECT_VERSION = 1;
				DEVELOPMENT_TEAM = TZ5A5U924L;
				GENERATE_INFOPLIST_FILE = YES;
				MARKETING_VERSION = 1.0;
				PRODUCT_BUNDLE_IDENTIFIER = com.Asady.QRCodeUITests;
				PRODUCT_NAME = "$(TARGET_NAME)";
				SWIFT_EMIT_LOC_STRINGS = NO;
				SWIFT_VERSION = 5.0;
				TARGETED_DEVICE_FAMILY = "1,2";
				TEST_TARGET_NAME = QRCode;
			};
			name = Release;
		};
/* End XCBuildConfiguration section */

/* Begin XCConfigurationList section */
		94A6A51C297AEB840020046E /* Build configuration list for PBXProject "QRCode" */ = {
			isa = XCConfigurationList;
			buildConfigurations = (
				94A6A549297AEB860020046E /* Debug */,
				94A6A54A297AEB860020046E /* Release */,
			);
			defaultConfigurationIsVisible = 0;
			defaultConfigurationName = Release;
		};
		94A6A54B297AEB860020046E /* Build configuration list for PBXNativeTarget "QRCode" */ = {
			isa = XCConfigurationList;
			buildConfigurations = (
				94A6A54C297AEB860020046E /* Debug */,
				94A6A54D297AEB860020046E /* Release */,
			);
			defaultConfigurationIsVisible = 0;
			defaultConfigurationName = Release;
		};
		94A6A54E297AEB860020046E /* Build configuration list for PBXNativeTarget "QRCodeTests" */ = {
			isa = XCConfigurationList;
			buildConfigurations = (
				94A6A54F297AEB860020046E /* Debug */,
				94A6A550297AEB860020046E /* Release */,
			);
			defaultConfigurationIsVisible = 0;
			defaultConfigurationName = Release;
		};
		94A6A551297AEB860020046E /* Build configuration list for PBXNativeTarget "QRCodeUITests" */ = {
			isa = XCConfigurationList;
			buildConfigurations = (
				94A6A552297AEB860020046E /* Debug */,
				94A6A553297AEB860020046E /* Release */,
			);
			defaultConfigurationIsVisible = 0;
			defaultConfigurationName = Release;
		};
/* End XCConfigurationList section */
	};
	rootObject = 94A6A519297AEB840020046E /* Project object */;
}
